
Microsoft Visual Studio Solution File, Format Version 12.00
# Visual Studio Version 17
VisualStudioVersion = 17.1.32407.343
MinimumVisualStudioVersion = 10.0.40219.1
Project("{FAE04EC0-301F-11D3-BF4B-00C04F79EFBC}") = "CourseProj", "CourseProj\CourseProj.csproj", "{A3F349F5-D57B-49DC-96AA-05E7014717D2}"
EndProject
Global
	GlobalSection(SolutionConfigurationPlatforms) = preSolution
		Debug|Any CPU = Debug|Any CPU
		Release|Any CPU = Release|Any CPU
	EndGlobalSection
	GlobalSection(ProjectConfigurationPlatforms) = postSolution
		{A3F349F5-D57B-49DC-96AA-05E7014717D2}.Debug|Any CPU.ActiveCfg = Debug|Any CPU
		{A3F349F5-D57B-49DC-96AA-05E7014717D2}.Debug|Any CPU.Build.0 = Debug|Any CPU
		{A3F349F5-D57B-49DC-96AA-05E7014717D2}.Release|Any CPU.ActiveCfg = Release|Any CPU
		{A3F349F5-D57B-49DC-96AA-05E7014717D2}.Release|Any CPU.Build.0 = Release|Any CPU
	EndGlobalSection
	GlobalSection(SolutionProperties) = preSolution
		HideSolutionNode = FALSE
	EndGlobalSection
	GlobalSection(ExtensibilityGlobals) = postSolution
		SolutionGuid = {0F334013-E85D-4CAC-A5E3-723E3002FCF1}
	EndGlobalSection
EndGlobal
